
Microsoft Visual Studio Solution File, Format Version 12.00
# Visual Studio 2012
Project("{8BC9CEB8-8B4A-11D0-8D11-00A0C91BC942}") = "program1_3", "program1_3\program1_3.vcxproj", "{EB9FAE87-96CA-4728-8699-08F462F0B1B2}"
EndProject
Global
	GlobalSection(SolutionConfigurationPlatforms) = preSolution
		Debug|Win32 = Debug|Win32
		Release|Win32 = Release|Win32
	EndGlobalSection
	GlobalSection(ProjectConfigurationPlatforms) = postSolution
		{EB9FAE87-96CA-4728-8699-08F462F0B1B2}.Debug|Win32.ActiveCfg = Debug|Win32
		{EB9FAE87-96CA-4728-8699-08F462F0B1B2}.Debug|Win32.Build.0 = Debug|Win32
		{EB9FAE87-96CA-4728-8699-08F462F0B1B2}.Release|Win32.ActiveCfg = Release|Win32
		{EB9FAE87-96CA-4728-8699-08F462F0B1B2}.Release|Win32.Build.0 = Release|Win32
	EndGlobalSection
	GlobalSection(SolutionProperties) = preSolution
		HideSolutionNode = FALSE
	EndGlobalSection
EndGlobal
